
Microsoft Visual Studio Solution File, Format Version 10.00
# Visual Studio 2008
Project("{FAE04EC0-301F-11D3-BF4B-00C04F79EFBC}") = "Content.Web", "Content.Web\Content.Web.csproj", "{8227E5A8-B754-4849-8251-C4C8702A472F}"
EndProject
Project("{FAE04EC0-301F-11D3-BF4B-00C04F79EFBC}") = "Content.Web.Tests", "Content.Web.Tests\Content.Web.Tests.csproj", "{3D2436E0-AD5E-4F9E-9FCB-B643D1E3E439}"
EndProject
Project("{2150E333-8FDC-42A3-9474-1A3956D46DE8}") = "ReferenceBin", "ReferenceBin", "{76809521-ABDF-40A3-8D51-6459E5FB6342}"
	ProjectSection(SolutionItems) = preProject
		ReferenceBin\DotNetOpenId.dll = ReferenceBin\DotNetOpenId.dll
		ReferenceBin\Ninject.Conditions.dll = ReferenceBin\Ninject.Conditions.dll
		ReferenceBin\Ninject.Conditions.xml = ReferenceBin\Ninject.Conditions.xml
		ReferenceBin\Ninject.Core.dll = ReferenceBin\Ninject.Core.dll
		ReferenceBin\Ninject.Core.xml = ReferenceBin\Ninject.Core.xml
		ReferenceBin\Ninject.Framework.Mvc.dll = ReferenceBin\Ninject.Framework.Mvc.dll
		ReferenceBin\Ninject.Framework.Mvc.xml = ReferenceBin\Ninject.Framework.Mvc.xml
		ReferenceBin\Stateless.dll = ReferenceBin\Stateless.dll
	EndProjectSection
EndProject
Project("{2150E333-8FDC-42A3-9474-1A3956D46DE8}") = "Documents", "Documents", "{EAB10A52-3E5E-454D-A4E4-D5CDF8BC2709}"
	ProjectSection(SolutionItems) = preProject
		Documents\Workflow State Machine.txt = Documents\Workflow State Machine.txt
	EndProjectSection
EndProject
Global
	GlobalSection(SolutionConfigurationPlatforms) = preSolution
		Debug|Any CPU = Debug|Any CPU
		Release|Any CPU = Release|Any CPU
	EndGlobalSection
	GlobalSection(ProjectConfigurationPlatforms) = postSolution
		{8227E5A8-B754-4849-8251-C4C8702A472F}.Debug|Any CPU.ActiveCfg = Debug|Any CPU
		{8227E5A8-B754-4849-8251-C4C8702A472F}.Debug|Any CPU.Build.0 = Debug|Any CPU
		{8227E5A8-B754-4849-8251-C4C8702A472F}.Release|Any CPU.ActiveCfg = Release|Any CPU
		{8227E5A8-B754-4849-8251-C4C8702A472F}.Release|Any CPU.Build.0 = Release|Any CPU
		{3D2436E0-AD5E-4F9E-9FCB-B643D1E3E439}.Debug|Any CPU.ActiveCfg = Debug|Any CPU
		{3D2436E0-AD5E-4F9E-9FCB-B643D1E3E439}.Debug|Any CPU.Build.0 = Debug|Any CPU
		{3D2436E0-AD5E-4F9E-9FCB-B643D1E3E439}.Release|Any CPU.ActiveCfg = Release|Any CPU
		{3D2436E0-AD5E-4F9E-9FCB-B643D1E3E439}.Release|Any CPU.Build.0 = Release|Any CPU
	EndGlobalSection
	GlobalSection(SolutionProperties) = preSolution
		HideSolutionNode = FALSE
	EndGlobalSection
EndGlobal
